// !$*UTF8*$!
{
	archiveVersion = 1;
	classes = {
	};
	objectVersion = 55;
	objects = {

/* Begin PBXBuildFile section */
		AD23DA6428099C1000675185 /* Button.swift in Sources */ = {isa = PBXBuildFile; fileRef = AD23DA6328099C1000675185 /* Button.swift */; };
		AD23DA6628099D4900675185 /* NSView+Extensions.swift in Sources */ = {isa = PBXBuildFile; fileRef = AD23DA6528099D4900675185 /* NSView+Extensions.swift */; };
		AD23DA682809A1CE00675185 /* Endpoint.swift in Sources */ = {isa = PBXBuildFile; fileRef = AD23DA672809A1CE00675185 /* Endpoint.swift */; };
		AD23DA6A2809A8B600675185 /* Main.xib in Resources */ = {isa = PBXBuildFile; fileRef = AD23DA692809A8B600675185 /* Main.xib */; };
		AD74C7B028095C350012A0B3 /* Assembly.swift in Sources */ = {isa = PBXBuildFile; fileRef = AD74C7AF28095C350012A0B3 /* Assembly.swift */; };
		AD74C7B228095C450012A0B3 /* Interactor.swift in Sources */ = {isa = PBXBuildFile; fileRef = AD74C7B128095C450012A0B3 /* Interactor.swift */; };
		AD74C7B628095C5B0012A0B3 /* Presenter.swift in Sources */ = {isa = PBXBuildFile; fileRef = AD74C7B528095C5B0012A0B3 /* Presenter.swift */; };
		AD74C7B828095E190012A0B3 /* main.swift in Sources */ = {isa = PBXBuildFile; fileRef = AD74C7B728095E190012A0B3 /* main.swift */; };
		AD74C7BC280960A70012A0B3 /* AppInfo.strings in Resources */ = {isa = PBXBuildFile; fileRef = AD74C7BB280960A70012A0B3 /* AppInfo.strings */; };
		AD9C00BF280995D200B8D7FF /* String+Extensions.swift in Sources */ = {isa = PBXBuildFile; fileRef = AD9C00BE280995D200B8D7FF /* String+Extensions.swift */; };
		AD9C00C1280998EB00B8D7FF /* Localizable.strings in Resources */ = {isa = PBXBuildFile; fileRef = AD9C00C0280998EB00B8D7FF /* Localizable.strings */; };
		AD9C00C32809997600B8D7FF /* Models.swift in Sources */ = {isa = PBXBuildFile; fileRef = AD9C00C22809997600B8D7FF /* Models.swift */; };
		AD9C00C528099B8200B8D7FF /* BoxView.swift in Sources */ = {isa = PBXBuildFile; fileRef = AD9C00C428099B8200B8D7FF /* BoxView.swift */; };
		ADE45D2F28082CF100FE8C0C /* AppDelegate.swift in Sources */ = {isa = PBXBuildFile; fileRef = ADE45D2E28082CF100FE8C0C /* AppDelegate.swift */; };
		ADE45D3128082CF100FE8C0C /* ViewController.swift in Sources */ = {isa = PBXBuildFile; fileRef = ADE45D3028082CF100FE8C0C /* ViewController.swift */; };
		ADE45D3328082CF200FE8C0C /* Assets.xcassets in Resources */ = {isa = PBXBuildFile; fileRef = ADE45D3228082CF200FE8C0C /* Assets.xcassets */; };
/* End PBXBuildFile section */

/* Begin PBXFileReference section */
		AD23DA6328099C1000675185 /* Button.swift */ = {isa = PBXFileReference; lastKnownFileType = sourcecode.swift; path = Button.swift; sourceTree = "<group>"; };
		AD23DA6528099D4900675185 /* NSView+Extensions.swift */ = {isa = PBXFileReference; lastKnownFileType = sourcecode.swift; path = "NSView+Extensions.swift"; sourceTree = "<group>"; };
		AD23DA672809A1CE00675185 /* Endpoint.swift */ = {isa = PBXFileReference; lastKnownFileType = sourcecode.swift; path = Endpoint.swift; sourceTree = "<group>"; };
		AD23DA692809A8B600675185 /* Main.xib */ = {isa = PBXFileReference; fileEncoding = 4; lastKnownFileType = file.xib; path = Main.xib; sourceTree = "<group>"; };
		AD74C7AF28095C350012A0B3 /* Assembly.swift */ = {isa = PBXFileReference; lastKnownFileType = sourcecode.swift; path = Assembly.swift; sourceTree = "<group>"; };
		AD74C7B128095C450012A0B3 /* Interactor.swift */ = {isa = PBXFileReference; lastKnownFileType = sourcecode.swift; path = Interactor.swift; sourceTree = "<group>"; };
		AD74C7B528095C5B0012A0B3 /* Presenter.swift */ = {isa = PBXFileReference; lastKnownFileType = sourcecode.swift; path = Presenter.swift; sourceTree = "<group>"; };
		AD74C7B728095E190012A0B3 /* main.swift */ = {isa = PBXFileReference; lastKnownFileType = sourcecode.swift; path = main.swift; sourceTree = "<group>"; };
		AD74C7BB280960A70012A0B3 /* AppInfo.strings */ = {isa = PBXFileReference; lastKnownFileType = text.plist.strings; path = AppInfo.strings; sourceTree = "<group>"; };
		AD9C00BE280995D200B8D7FF /* String+Extensions.swift */ = {isa = PBXFileReference; lastKnownFileType = sourcecode.swift; path = "String+Extensions.swift"; sourceTree = "<group>"; };
		AD9C00C0280998EB00B8D7FF /* Localizable.strings */ = {isa = PBXFileReference; lastKnownFileType = text.plist.strings; path = Localizable.strings; sourceTree = "<group>"; };
		AD9C00C22809997600B8D7FF /* Models.swift */ = {isa = PBXFileReference; lastKnownFileType = sourcecode.swift; path = Models.swift; sourceTree = "<group>"; };
		AD9C00C428099B8200B8D7FF /* BoxView.swift */ = {isa = PBXFileReference; lastKnownFileType = sourcecode.swift; path = BoxView.swift; sourceTree = "<group>"; };
		ADE45D2B28082CF100FE8C0C /* WebWrapper5.app */ = {isa = PBXFileReference; explicitFileType = wrapper.application; includeInIndex = 0; path = WebWrapper5.app; sourceTree = BUILT_PRODUCTS_DIR; };
		ADE45D2E28082CF100FE8C0C /* AppDelegate.swift */ = {isa = PBXFileReference; lastKnownFileType = sourcecode.swift; path = AppDelegate.swift; sourceTree = "<group>"; };
		ADE45D3028082CF100FE8C0C /* ViewController.swift */ = {isa = PBXFileReference; lastKnownFileType = sourcecode.swift; path = ViewController.swift; sourceTree = "<group>"; };
		ADE45D3228082CF200FE8C0C /* Assets.xcassets */ = {isa = PBXFileReference; lastKnownFileType = folder.assetcatalog; path = Assets.xcassets; sourceTree = "<group>"; };
		ADE45D3728082CF200FE8C0C /* WebWrapper5.entitlements */ = {isa = PBXFileReference; lastKnownFileType = text.plist.entitlements; path = WebWrapper5.entitlements; sourceTree = "<group>"; };
/* End PBXFileReference section */

/* Begin PBXFrameworksBuildPhase section */
		ADE45D2828082CF100FE8C0C /* Frameworks */ = {
			isa = PBXFrameworksBuildPhase;
			buildActionMask = 2147483647;
			files = (
			);
			runOnlyForDeploymentPostprocessing = 0;
		};
/* End PBXFrameworksBuildPhase section */

/* Begin PBXGroup section */
		AD74C7AE28095C170012A0B3 /* Scene */ = {
			isa = PBXGroup;
			children = (
				AD74C7AF28095C350012A0B3 /* Assembly.swift */,
				AD74C7B128095C450012A0B3 /* Interactor.swift */,
				AD74C7B528095C5B0012A0B3 /* Presenter.swift */,
				ADE45D3028082CF100FE8C0C /* ViewController.swift */,
				AD9C00C22809997600B8D7FF /* Models.swift */,
				AD23DA672809A1CE00675185 /* Endpoint.swift */,
			);
			path = Scene;
			sourceTree = "<group>";
		};
		ADE45D2228082CF100FE8C0C = {
			isa = PBXGroup;
			children = (
				ADE45D2D28082CF100FE8C0C /* WebWrapper5 */,
				ADE45D2C28082CF100FE8C0C /* Products */,
			);
			sourceTree = "<group>";
		};
		ADE45D2C28082CF100FE8C0C /* Products */ = {
			isa = PBXGroup;
			children = (
				ADE45D2B28082CF100FE8C0C /* WebWrapper5.app */,
			);
			name = Products;
			sourceTree = "<group>";
		};
		ADE45D2D28082CF100FE8C0C /* WebWrapper5 */ = {
			isa = PBXGroup;
			children = (
				AD74C7AE28095C170012A0B3 /* Scene */,
				ADE45D2E28082CF100FE8C0C /* AppDelegate.swift */,
				ADE45D3228082CF200FE8C0C /* Assets.xcassets */,
				ADE45D3728082CF200FE8C0C /* WebWrapper5.entitlements */,
				AD74C7B728095E190012A0B3 /* main.swift */,
				AD74C7BB280960A70012A0B3 /* AppInfo.strings */,
				AD9C00BE280995D200B8D7FF /* String+Extensions.swift */,
				AD9C00C0280998EB00B8D7FF /* Localizable.strings */,
				AD9C00C428099B8200B8D7FF /* BoxView.swift */,
				AD23DA6328099C1000675185 /* Button.swift */,
				AD23DA6528099D4900675185 /* NSView+Extensions.swift */,
				AD23DA692809A8B600675185 /* Main.xib */,
			);
			path = WebWrapper5;
			sourceTree = "<group>";
		};
/* End PBXGroup section */

/* Begin PBXNativeTarget section */
		ADE45D2A28082CF100FE8C0C /* WebWrapper5 */ = {
			isa = PBXNativeTarget;
			buildConfigurationList = ADE45D3A28082CF200FE8C0C /* Build configuration list for PBXNativeTarget "WebWrapper5" */;
			buildPhases = (
				ADE45D2728082CF100FE8C0C /* Sources */,
				ADE45D2828082CF100FE8C0C /* Frameworks */,
				ADE45D2928082CF100FE8C0C /* Resources */,
			);
			buildRules = (
			);
			dependencies = (
			);
			name = WebWrapper5;
			productName = WebWrapper5;
			productReference = ADE45D2B28082CF100FE8C0C /* WebWrapper5.app */;
			productType = "com.apple.product-type.application";
		};
/* End PBXNativeTarget section */

/* Begin PBXProject section */
		ADE45D2328082CF100FE8C0C /* Project object */ = {
			isa = PBXProject;
			attributes = {
				BuildIndependentTargetsInParallel = 1;
				LastSwiftUpdateCheck = 1330;
				LastUpgradeCheck = 1330;
				TargetAttributes = {
					ADE45D2A28082CF100FE8C0C = {
						CreatedOnToolsVersion = 13.3.1;
					};
				};
			};
			buildConfigurationList = ADE45D2628082CF100FE8C0C /* Build configuration list for PBXProject "WebWrapper5" */;
			compatibilityVersion = "Xcode 13.0";
			developmentRegion = en;
			hasScannedForEncodings = 0;
			knownRegions = (
				en,
				Base,
			);
			mainGroup = ADE45D2228082CF100FE8C0C;
			productRefGroup = ADE45D2C28082CF100FE8C0C /* Products */;
			projectDirPath = "";
			projectRoot = "";
			targets = (
				ADE45D2A28082CF100FE8C0C /* WebWrapper5 */,
			);
		};
/* End PBXProject section */

/* Begin PBXResourcesBuildPhase section */
		ADE45D2928082CF100FE8C0C /* Resources */ = {
			isa = PBXResourcesBuildPhase;
			buildActionMask = 2147483647;
			files = (
				ADE45D3328082CF200FE8C0C /* Assets.xcassets in Resources */,
				AD9C00C1280998EB00B8D7FF /* Localizable.strings in Resources */,
				AD23DA6A2809A8B600675185 /* Main.xib in Resources */,
				AD74C7BC280960A70012A0B3 /* AppInfo.strings in Resources */,
			);
			runOnlyForDeploymentPostprocessing = 0;
		};
/* End PBXResourcesBuildPhase section */

/* Begin PBXSourcesBuildPhase section */
		ADE45D2728082CF100FE8C0C /* Sources */ = {
			isa = PBXSourcesBuildPhase;
			buildActionMask = 2147483647;
			files = (
				AD74C7B628095C5B0012A0B3 /* Presenter.swift in Sources */,
				AD9C00BF280995D200B8D7FF /* String+Extensions.swift in Sources */,
				ADE45D3128082CF100FE8C0C /* ViewController.swift in Sources */,
				AD9C00C32809997600B8D7FF /* Models.swift in Sources */,
				AD74C7B828095E190012A0B3 /* main.swift in Sources */,
				AD23DA6428099C1000675185 /* Button.swift in Sources */,
				AD74C7B028095C350012A0B3 /* Assembly.swift in Sources */,
				AD23DA6628099D4900675185 /* NSView+Extensions.swift in Sources */,
				AD74C7B228095C450012A0B3 /* Interactor.swift in Sources */,
				ADE45D2F28082CF100FE8C0C /* AppDelegate.swift in Sources */,
				AD23DA682809A1CE00675185 /* Endpoint.swift in Sources */,
				AD9C00C528099B8200B8D7FF /* BoxView.swift in Sources */,
			);
			runOnlyForDeploymentPostprocessing = 0;
		};
/* End PBXSourcesBuildPhase section */

/* Begin XCBuildConfiguration section */
		ADE45D3828082CF200FE8C0C /* Debug */ = {
			isa = XCBuildConfiguration;
			buildSettings = {
				ALWAYS_SEARCH_USER_PATHS = NO;
				CLANG_ANALYZER_NONNULL = YES;
				CLANG_ANALYZER_NUMBER_OBJECT_CONVERSION = YES_AGGRESSIVE;
				CLANG_CXX_LANGUAGE_STANDARD = "gnu++17";
				CLANG_ENABLE_MODULES = YES;
				CLANG_ENABLE_OBJC_ARC = YES;
				CLANG_ENABLE_OBJC_WEAK = YES;
				CLANG_WARN_BLOCK_CAPTURE_AUTORELEASING = YES;
				CLANG_WARN_BOOL_CONVERSION = YES;
				CLANG_WARN_COMMA = YES;
				CLANG_WARN_CONSTANT_CONVERSION = YES;
				CLANG_WARN_DEPRECATED_OBJC_IMPLEMENTATIONS = YES;
				CLANG_WARN_DIRECT_OBJC_ISA_USAGE = YES_ERROR;
				CLANG_WARN_DOCUMENTATION_COMMENTS = YES;
				CLANG_WARN_EMPTY_BODY = YES;
				CLANG_WARN_ENUM_CONVERSION = YES;
				CLANG_WARN_INFINITE_RECURSION = YES;
				CLANG_WARN_INT_CONVERSION = YES;
				CLANG_WARN_NON_LITERAL_NULL_CONVERSION = YES;
				CLANG_WARN_OBJC_IMPLICIT_RETAIN_SELF = YES;
				CLANG_WARN_OBJC_LITERAL_CONVERSION = YES;
				CLANG_WARN_OBJC_ROOT_CLASS = YES_ERROR;
				CLANG_WARN_QUOTED_INCLUDE_IN_FRAMEWORK_HEADER = YES;
				CLANG_WARN_RANGE_LOOP_ANALYSIS = YES;
				CLANG_WARN_STRICT_PROTOTYPES = YES;
				CLANG_WARN_SUSPICIOUS_MOVE = YES;
				CLANG_WARN_UNGUARDED_AVAILABILITY = YES_AGGRESSIVE;
				CLANG_WARN_UNREACHABLE_CODE = YES;
				CLANG_WARN__DUPLICATE_METHOD_MATCH = YES;
				COPY_PHASE_STRIP = NO;
				DEBUG_INFORMATION_FORMAT = dwarf;
				ENABLE_STRICT_OBJC_MSGSEND = YES;
				ENABLE_TESTABILITY = YES;
				GCC_C_LANGUAGE_STANDARD = gnu11;
				GCC_DYNAMIC_NO_PIC = NO;
				GCC_NO_COMMON_BLOCKS = YES;
				GCC_OPTIMIZATION_LEVEL = 0;
				GCC_PREPROCESSOR_DEFINITIONS = (
					"DEBUG=1",
					"$(inherited)",
				);
				GCC_WARN_64_TO_32_BIT_CONVERSION = YES;
				GCC_WARN_ABOUT_RETURN_TYPE = YES_ERROR;
				GCC_WARN_UNDECLARED_SELECTOR = YES;
				GCC_WARN_UNINITIALIZED_AUTOS = YES_AGGRESSIVE;
				GCC_WARN_UNUSED_FUNCTION = YES;
				GCC_WARN_UNUSED_VARIABLE = YES;
				MACOSX_DEPLOYMENT_TARGET = 10.12;
				MTL_ENABLE_DEBUG_INFO = INCLUDE_SOURCE;
				MTL_FAST_MATH = YES;
				ONLY_ACTIVE_ARCH = YES;
				SDKROOT = macosx;
				SWIFT_ACTIVE_COMPILATION_CONDITIONS = DEBUG;
				SWIFT_OPTIMIZATION_LEVEL = "-Onone";
			};
			name = Debug;
		};
		ADE45D3928082CF200FE8C0C /* Release */ = {
			isa = XCBuildConfiguration;
			buildSettings = {
				ALWAYS_SEARCH_USER_PATHS = NO;
				CLANG_ANALYZER_NONNULL = YES;
				CLANG_ANALYZER_NUMBER_OBJECT_CONVERSION = YES_AGGRESSIVE;
				CLANG_CXX_LANGUAGE_STANDARD = "gnu++17";
				CLANG_ENABLE_MODULES = YES;
				CLANG_ENABLE_OBJC_ARC = YES;
				CLANG_ENABLE_OBJC_WEAK = YES;
				CLANG_WARN_BLOCK_CAPTURE_AUTORELEASING = YES;
				CLANG_WARN_BOOL_CONVERSION = YES;
				CLANG_WARN_COMMA = YES;
				CLANG_WARN_CONSTANT_CONVERSION = YES;
				CLANG_WARN_DEPRECATED_OBJC_IMPLEMENTATIONS = YES;
				CLANG_WARN_DIRECT_OBJC_ISA_USAGE = YES_ERROR;
				CLANG_WARN_DOCUMENTATION_COMMENTS = YES;
				CLANG_WARN_EMPTY_BODY = YES;
				CLANG_WARN_ENUM_CONVERSION = YES;
				CLANG_WARN_INFINITE_RECURSION = YES;
				CLANG_WARN_INT_CONVERSION = YES;
				CLANG_WARN_NON_LITERAL_NULL_CONVERSION = YES;
				CLANG_WARN_OBJC_IMPLICIT_RETAIN_SELF = YES;
				CLANG_WARN_OBJC_LITERAL_CONVERSION = YES;
				CLANG_WARN_OBJC_ROOT_CLASS = YES_ERROR;
				CLANG_WARN_QUOTED_INCLUDE_IN_FRAMEWORK_HEADER = YES;
				CLANG_WARN_RANGE_LOOP_ANALYSIS = YES;
				CLANG_WARN_STRICT_PROTOTYPES = YES;
				CLANG_WARN_SUSPICIOUS_MOVE = YES;
				CLANG_WARN_UNGUARDED_AVAILABILITY = YES_AGGRESSIVE;
				CLANG_WARN_UNREACHABLE_CODE = YES;
				CLANG_WARN__DUPLICATE_METHOD_MATCH = YES;
				COPY_PHASE_STRIP = NO;
				DEBUG_INFORMATION_FORMAT = "dwarf-with-dsym";
				ENABLE_NS_ASSERTIONS = NO;
				ENABLE_STRICT_OBJC_MSGSEND = YES;
				GCC_C_LANGUAGE_STANDARD = gnu11;
				GCC_NO_COMMON_BLOCKS = YES;
				GCC_WARN_64_TO_32_BIT_CONVERSION = YES;
				GCC_WARN_ABOUT_RETURN_TYPE = YES_ERROR;
				GCC_WARN_UNDECLARED_SELECTOR = YES;
				GCC_WARN_UNINITIALIZED_AUTOS = YES_AGGRESSIVE;
				GCC_WARN_UNUSED_FUNCTION = YES;
				GCC_WARN_UNUSED_VARIABLE = YES;
				MACOSX_DEPLOYMENT_TARGET = 10.12;
				MTL_ENABLE_DEBUG_INFO = NO;
				MTL_FAST_MATH = YES;
				SDKROOT = macosx;
				SWIFT_COMPILATION_MODE = wholemodule;
				SWIFT_OPTIMIZATION_LEVEL = "-O";
			};
			name = Release;
		};
		ADE45D3B28082CF200FE8C0C /* Debug */ = {
			isa = XCBuildConfiguration;
			buildSettings = {
				ASSETCATALOG_COMPILER_APPICON_NAME = AppIcon;
				ASSETCATALOG_COMPILER_GLOBAL_ACCENT_COLOR_NAME = AccentColor;
				CODE_SIGN_ENTITLEMENTS = WebWrapper5/WebWrapper5.entitlements;
				CODE_SIGN_STYLE = Automatic;
				COMBINE_HIDPI_IMAGES = YES;
				CURRENT_PROJECT_VERSION = 1;
				DEVELOPMENT_TEAM = 9GYSSTNNN4;
				ENABLE_HARDENED_RUNTIME = YES;
				GENERATE_INFOPLIST_FILE = YES;
				INFOPLIST_KEY_NSHumanReadableCopyright = "";
				INFOPLIST_KEY_NSPrincipalClass = NSApplication;
				LD_RUNPATH_SEARCH_PATHS = (
					"$(inherited)",
					"@executable_path/../Frameworks",
				);
				MARKETING_VERSION = 1.0;
				PRODUCT_BUNDLE_IDENTIFIER = com.innowise.WebWrapper5;
				PRODUCT_NAME = "$(TARGET_NAME)";
				SWIFT_EMIT_LOC_STRINGS = YES;
				SWIFT_VERSION = 5.0;
			};
			name = Debug;
		};
		ADE45D3C28082CF200FE8C0C /* Release */ = {
			isa = XCBuildConfiguration;
			buildSettings = {
				ASSETCATALOG_COMPILER_APPICON_NAME = AppIcon;
				ASSETCATALOG_COMPILER_GLOBAL_ACCENT_COLOR_NAME = AccentColor;
				CODE_SIGN_ENTITLEMENTS = WebWrapper5/WebWrapper5.entitlements;
				CODE_SIGN_STYLE = Automatic;
				COMBINE_HIDPI_IMAGES = YES;
				CURRENT_PROJECT_VERSION = 1;
				DEVELOPMENT_TEAM = 9GYSSTNNN4;
				ENABLE_HARDENED_RUNTIME = YES;
				GENERATE_INFOPLIST_FILE = YES;
				INFOPLIST_KEY_NSHumanReadableCopyright = "";
				INFOPLIST_KEY_NSPrincipalClass = NSApplication;
				LD_RUNPATH_SEARCH_PATHS = (
					"$(inherited)",
					"@executable_path/../Frameworks",
				);
				MARKETING_VERSION = 1.0;
				PRODUCT_BUNDLE_IDENTIFIER = com.innowise.WebWrapper5;
				PRODUCT_NAME = "$(TARGET_NAME)";
				SWIFT_EMIT_LOC_STRINGS = YES;
				SWIFT_VERSION = 5.0;
			};
			name = Release;
		};
/* End XCBuildConfiguration section */

/* Begin XCConfigurationList section */
		ADE45D2628082CF100FE8C0C /* Build configuration list for PBXProject "WebWrapper5" */ = {
			isa = XCConfigurationList;
			buildConfigurations = (
				ADE45D3828082CF200FE8C0C /* Debug */,
				ADE45D3928082CF200FE8C0C /* Release */,
			);
			defaultConfigurationIsVisible = 0;
			defaultConfigurationName = Release;
		};
		ADE45D3A28082CF200FE8C0C /* Build configuration list for PBXNativeTarget "WebWrapper5" */ = {
			isa = XCConfigurationList;
			buildConfigurations = (
				ADE45D3B28082CF200FE8C0C /* Debug */,
				ADE45D3C28082CF200FE8C0C /* Release */,
			);
			defaultConfigurationIsVisible = 0;
			defaultConfigurationName = Release;
		};
/* End XCConfigurationList section */
	};
	rootObject = ADE45D2328082CF100FE8C0C /* Project object */;
}
